
Microsoft Visual Studio Solution File, Format Version 12.00
# Visual Studio Version 17
VisualStudioVersion = 17.3.32922.545
MinimumVisualStudioVersion = 10.0.40219.1
Project("{9A19103F-16F7-4668-BE54-9A1E7A4F7556}") = "TestCalc", "TestCalc.csproj", "{21B17C87-BC0B-423F-A3D5-E8F07DDC4000}"
EndProject
Project("{FAE04EC0-301F-11D3-BF4B-00C04F79EFBC}") = "SpecFlowCalc", "..\SpecFlowCalc\SpecFlowCalc.csproj", "{4C8BBE1B-59B7-4FF0-B68D-814FEC27E883}"
EndProject
Global
	GlobalSection(SolutionConfigurationPlatforms) = preSolution
		Debug|Any CPU = Debug|Any CPU
		Release|Any CPU = Release|Any CPU
	EndGlobalSection
	GlobalSection(ProjectConfigurationPlatforms) = postSolution
		{21B17C87-BC0B-423F-A3D5-E8F07DDC4000}.Debug|Any CPU.ActiveCfg = Debug|Any CPU
		{21B17C87-BC0B-423F-A3D5-E8F07DDC4000}.Debug|Any CPU.Build.0 = Debug|Any CPU
		{21B17C87-BC0B-423F-A3D5-E8F07DDC4000}.Release|Any CPU.ActiveCfg = Release|Any CPU
		{21B17C87-BC0B-423F-A3D5-E8F07DDC4000}.Release|Any CPU.Build.0 = Release|Any CPU
		{4C8BBE1B-59B7-4FF0-B68D-814FEC27E883}.Debug|Any CPU.ActiveCfg = Debug|Any CPU
		{4C8BBE1B-59B7-4FF0-B68D-814FEC27E883}.Debug|Any CPU.Build.0 = Debug|Any CPU
		{4C8BBE1B-59B7-4FF0-B68D-814FEC27E883}.Release|Any CPU.ActiveCfg = Release|Any CPU
		{4C8BBE1B-59B7-4FF0-B68D-814FEC27E883}.Release|Any CPU.Build.0 = Release|Any CPU
	EndGlobalSection
	GlobalSection(SolutionProperties) = preSolution
		HideSolutionNode = FALSE
	EndGlobalSection
	GlobalSection(ExtensibilityGlobals) = postSolution
		SolutionGuid = {25835B3B-7EB9-4BEF-BE9D-A88B938CD6C0}
	EndGlobalSection
EndGlobal
